Microsoft Visual Studio Solution File, Format Version 12.00
# Visual Studio Version 17
VisualStudioVersion = 17.5.2.0
MinimumVisualStudioVersion = 10.0.40219.1
Project("{FAE04EC0-301F-11D3-BF4B-00C04F79EFBC}") = "JobScraperBot", "src\JobScraperBot.csproj", "{F807DFA8-EA61-04BE-95BE-6082C1539E2F}"
EndProject
Global
	GlobalSection(SolutionConfigurationPlatforms) = preSolution
		Debug|Any CPU = Debug|Any CPU
		Release|Any CPU = Release|Any CPU
	EndGlobalSection
	GlobalSection(ProjectConfigurationPlatforms) = postSolution
		{F807DFA8-EA61-04BE-95BE-6082C1539E2F}.Debug|Any CPU.ActiveCfg = Debug|Any CPU
		{F807DFA8-EA61-04BE-95BE-6082C1539E2F}.Debug|Any CPU.Build.0 = Debug|Any CPU
		{F807DFA8-EA61-04BE-95BE-6082C1539E2F}.Release|Any CPU.ActiveCfg = Release|Any CPU
		{F807DFA8-EA61-04BE-95BE-6082C1539E2F}.Release|Any CPU.Build.0 = Release|Any CPU
	EndGlobalSection
	GlobalSection(SolutionProperties) = preSolution
		HideSolutionNode = FALSE
	EndGlobalSection
	GlobalSection(ExtensibilityGlobals) = postSolution
		SolutionGuid = {625FBB7F-D92E-4254-BABD-430EA7A72A86}
	EndGlobalSection
EndGlobal
